{
    "version": 3,
    "terraform_version": "0.10.8",
    "serial": 2,
    "lineage": "2eee70b0-1984-40fb-b33e-26d053fb46dc",
    "modules": [
        {
            "path": [
                "root"
            ],
            "outputs": {},
            "resources": {},
            "depends_on": []
        },
        {
            "path": [
                "root",
                "datasources"
            ],
            "outputs": {
                "avail_domain_name": {
                    "sensitive": false,
                    "type": "string",
                    "value": "NZrt:US-ASHBURN-AD-1"
                },
                "image_ocid": {
                    "sensitive": false,
                    "type": "string",
                    "value": "ocid1.image.oc1.iad.aaaaaaaahqfv2inssrwfu6arffox3zubxm4swql4hht6t5fk4m5ilfzomgda"
                }
            },
            "resources": {
                "data.oci_core_images.OLImageOCID": {
                    "type": "oci_core_images",
                    "depends_on": [],
                    "primary": {
                        "id": "2017-11-16 10:12:16.8309726 +0000 UTC",
                        "attributes": {
                            "compartment_id": "ocid1.compartment.oc1..aaaaaaaajgefvmehc6szlyyt66aiu6ecefhr7myrn32w2c5prxng5mq3wu7q",
                            "id": "2017-11-16 10:12:16.8309726 +0000 UTC",
                            "images.#": "4",
                            "images.0.base_image_id": "",
                            "images.0.compartment_id": "",
                            "images.0.create_image_allowed": "true",
                            "images.0.display_name": "Canonical-Ubuntu-16.04-Gen2-GPU-2017.10.25-0",
                            "images.0.id": "ocid1.image.oc1.iad.aaaaaaaamsrpy25dvsy42yt7gnqfska3ofyqzvukkaqzl2jrcpszn4j56k3q",
                            "images.0.instance_id": "",
                            "images.0.operating_system": "Canonical Ubuntu",
                            "images.0.operating_system_version": "16.04",
                            "images.0.state": "AVAILABLE",
                            "images.0.time_created": "2017-10-27 22:04:37.523 +0000 UTC",
                            "images.1.base_image_id": "",
                            "images.1.compartment_id": "",
                            "images.1.create_image_allowed": "true",
                            "images.1.display_name": "Canonical-Ubuntu-16.04-2017.10.25-0",
                            "images.1.id": "ocid1.image.oc1.iad.aaaaaaaahqfv2inssrwfu6arffox3zubxm4swql4hht6t5fk4m5ilfzomgda",
                            "images.1.instance_id": "",
                            "images.1.operating_system": "Canonical Ubuntu",
                            "images.1.operating_system_version": "16.04",
                            "images.1.state": "AVAILABLE",
                            "images.1.time_created": "2017-10-25 21:25:15.148 +0000 UTC",
                            "images.2.base_image_id": "",
                            "images.2.compartment_id": "",
                            "images.2.create_image_allowed": "true",
                            "images.2.display_name": "Canonical-Ubuntu-16.04-2017.08.22-0",
                            "images.2.id": "ocid1.image.oc1.iad.aaaaaaaatjsckmcbcmuhl3n42iyuugauuupw5jmv3zkxbnwud7mkyhroddoq",
                            "images.2.instance_id": "",
                            "images.2.operating_system": "Canonical Ubuntu",
                            "images.2.operating_system_version": "16.04",
                            "images.2.state": "AVAILABLE",
                            "images.2.time_created": "2017-08-22 17:44:35.038 +0000 UTC",
                            "images.3.base_image_id": "",
                            "images.3.compartment_id": "",
                            "images.3.create_image_allowed": "true",
                            "images.3.display_name": "Canonical-Ubuntu-16.04-2017.06.28-0",
                            "images.3.id": "ocid1.image.oc1.iad.aaaaaaaa25xqs7rqfkf7ukgwnpzvyhbg3qd4rplu7yl5tpnmdkzzeudr3s2a",
                            "images.3.instance_id": "",
                            "images.3.operating_system": "Canonical Ubuntu",
                            "images.3.operating_system_version": "16.04",
                            "images.3.state": "AVAILABLE",
                            "images.3.time_created": "2017-06-23 22:08:46.818 +0000 UTC",
                            "operating_system": "Canonical Ubuntu",
                            "operating_system_version": "16.04"
                        },
                        "meta": {},
                        "tainted": false
                    },
                    "deposed": [],
                    "provider": ""
                },
                "data.oci_identity_availability_domains.availdomain": {
                    "type": "oci_identity_availability_domains",
                    "depends_on": [],
                    "primary": {
                        "id": "2017-11-16 10:12:16.8309726 +0000 UTC",
                        "attributes": {
                            "availability_domains.#": "3",
                            "availability_domains.0.compartment_id": "ocid1.compartment.oc1..aaaaaaaajgefvmehc6szlyyt66aiu6ecefhr7myrn32w2c5prxng5mq3wu7q",
                            "availability_domains.0.name": "NZrt:US-ASHBURN-AD-1",
                            "availability_domains.1.compartment_id": "ocid1.compartment.oc1..aaaaaaaajgefvmehc6szlyyt66aiu6ecefhr7myrn32w2c5prxng5mq3wu7q",
                            "availability_domains.1.name": "NZrt:US-ASHBURN-AD-2",
                            "availability_domains.2.compartment_id": "ocid1.compartment.oc1..aaaaaaaajgefvmehc6szlyyt66aiu6ecefhr7myrn32w2c5prxng5mq3wu7q",
                            "availability_domains.2.name": "NZrt:US-ASHBURN-AD-3",
                            "compartment_id": "ocid1.compartment.oc1..aaaaaaaajgefvmehc6szlyyt66aiu6ecefhr7myrn32w2c5prxng5mq3wu7q",
                            "id": "2017-11-16 10:12:16.8309726 +0000 UTC"
                        },
                        "meta": {},
                        "tainted": false
                    },
                    "deposed": [],
                    "provider": ""
                }
            },
            "depends_on": []
        },
        {
            "path": [
                "root",
                "dhcp_options"
            ],
            "outputs": {
                "dhcp_ocid": {
                    "sensitive": false,
                    "type": "string",
                    "value": "ocid1.dhcpoptions.oc1.iad.aaaaaaaaholynky7bv27fa4nfxaqo3qfoud5lmxqh7c23rmaaxzwxitmmw6q"
                }
            },
            "resources": {
                "oci_core_dhcp_options.Elkdhcp-options": {
                    "type": "oci_core_dhcp_options",
                    "depends_on": [],
                    "primary": {
                        "id": "ocid1.dhcpoptions.oc1.iad.aaaaaaaaholynky7bv27fa4nfxaqo3qfoud5lmxqh7c23rmaaxzwxitmmw6q",
                        "attributes": {
                            "compartment_id": "ocid1.compartment.oc1..aaaaaaaajgefvmehc6szlyyt66aiu6ecefhr7myrn32w2c5prxng5mq3wu7q",
                            "display_name": "ELKvcn-dhcpoptions",
                            "id": "ocid1.dhcpoptions.oc1.iad.aaaaaaaaholynky7bv27fa4nfxaqo3qfoud5lmxqh7c23rmaaxzwxitmmw6q",
                            "options.#": "2",
                            "options.0.custom_dns_servers.#": "0",
                            "options.0.search_domain_names.#": "0",
                            "options.0.server_type": "VcnLocalPlusInternet",
                            "options.0.type": "DomainNameServer",
                            "options.1.custom_dns_servers.#": "0",
                            "options.1.search_domain_names.#": "1",
                            "options.1.search_domain_names.0": "vcnelk.oraclevcn.com",
                            "options.1.server_type": "",
                            "options.1.type": "SearchDomain",
                            "state": "AVAILABLE",
                            "time_created": "2017-11-16 10:15:34.183 +0000 UTC",
                            "vcn_id": "ocid1.vcn.oc1.iad.aaaaaaaaziomggtli4solwsgzhj2mrr34oeujqio2vnwi7x6iakm2qhkd45a"
                        },
                        "meta": {
                            "e2bfb730-ecaa-11e6-8f88-34363bc7c4c0": {
                                "create": 300000000000,
                                "delete": 300000000000,
                                "update": 300000000000
                            }
                        },
                        "tainted": false
                    },
                    "deposed": [],
                    "provider": ""
                }
            },
            "depends_on": []
        },
        {
            "path": [
                "root",
                "instance"
            ],
            "outputs": {},
            "resources": {},
            "depends_on": []
        },
        {
            "path": [
                "root",
                "internetgateway"
            ],
            "outputs": {
                "internet_gateway_ocid": {
                    "sensitive": false,
                    "type": "string",
                    "value": "ocid1.internetgateway.oc1.iad.aaaaaaaa3hc65lwpsoxpbfsmxy3up5dsw34ryp6sx4iw4oqnkhizyjurrmbq"
                }
            },
            "resources": {
                "oci_core_internet_gateway.ELKinternetgateway": {
                    "type": "oci_core_internet_gateway",
                    "depends_on": [],
                    "primary": {
                        "id": "ocid1.internetgateway.oc1.iad.aaaaaaaa3hc65lwpsoxpbfsmxy3up5dsw34ryp6sx4iw4oqnkhizyjurrmbq",
                        "attributes": {
                            "compartment_id": "ocid1.compartment.oc1..aaaaaaaajgefvmehc6szlyyt66aiu6ecefhr7myrn32w2c5prxng5mq3wu7q",
                            "display_name": "ELKvcn-igw",
                            "enabled": "true",
                            "id": "ocid1.internetgateway.oc1.iad.aaaaaaaa3hc65lwpsoxpbfsmxy3up5dsw34ryp6sx4iw4oqnkhizyjurrmbq",
                            "state": "AVAILABLE",
                            "time_created": "2017-11-16 10:15:34.179 +0000 UTC",
                            "time_modified": "0001-01-01 00:00:00 +0000 UTC",
                            "vcn_id": "ocid1.vcn.oc1.iad.aaaaaaaaziomggtli4solwsgzhj2mrr34oeujqio2vnwi7x6iakm2qhkd45a"
                        },
                        "meta": {
                            "e2bfb730-ecaa-11e6-8f88-34363bc7c4c0": {
                                "create": 300000000000,
                                "delete": 300000000000,
                                "update": 300000000000
                            }
                        },
                        "tainted": false
                    },
                    "deposed": [],
                    "provider": ""
                }
            },
            "depends_on": []
        },
        {
            "path": [
                "root",
                "route_table"
            ],
            "outputs": {
                "route_table_ocid": {
                    "sensitive": false,
                    "type": "string",
                    "value": "ocid1.routetable.oc1.iad.aaaaaaaat66irdtsnkbvwnhlf34z55yud5horcptwhrp56kgh6yfrjpntwpq"
                }
            },
            "resources": {
                "oci_core_route_table.ElkRoutetable": {
                    "type": "oci_core_route_table",
                    "depends_on": [],
                    "primary": {
                        "id": "ocid1.routetable.oc1.iad.aaaaaaaat66irdtsnkbvwnhlf34z55yud5horcptwhrp56kgh6yfrjpntwpq",
                        "attributes": {
                            "compartment_id": "ocid1.compartment.oc1..aaaaaaaajgefvmehc6szlyyt66aiu6ecefhr7myrn32w2c5prxng5mq3wu7q",
                            "display_name": "ELKvcn-rt",
                            "id": "ocid1.routetable.oc1.iad.aaaaaaaat66irdtsnkbvwnhlf34z55yud5horcptwhrp56kgh6yfrjpntwpq",
                            "route_rules.#": "1",
                            "route_rules.0.cidr_block": "0.0.0.0/0",
                            "route_rules.0.network_entity_id": "ocid1.internetgateway.oc1.iad.aaaaaaaa3hc65lwpsoxpbfsmxy3up5dsw34ryp6sx4iw4oqnkhizyjurrmbq",
                            "state": "AVAILABLE",
                            "time_created": "2017-11-16 10:15:35.926 +0000 UTC",
                            "time_modified": "0001-01-01 00:00:00 +0000 UTC",
                            "vcn_id": "ocid1.vcn.oc1.iad.aaaaaaaaziomggtli4solwsgzhj2mrr34oeujqio2vnwi7x6iakm2qhkd45a"
                        },
                        "meta": {
                            "e2bfb730-ecaa-11e6-8f88-34363bc7c4c0": {
                                "create": 300000000000,
                                "delete": 300000000000,
                                "update": 300000000000
                            }
                        },
                        "tainted": false
                    },
                    "deposed": [],
                    "provider": ""
                }
            },
            "depends_on": []
        },
        {
            "path": [
                "root",
                "securitylist"
            ],
            "outputs": {
                "security_list_ocid": {
                    "sensitive": false,
                    "type": "string",
                    "value": "ocid1.securitylist.oc1.iad.aaaaaaaawl6cgs77poyf4aj6m2kl63qsc26oapi6hq4p6m4d3oqc3j47wliq"
                }
            },
            "resources": {
                "oci_core_security_list.ElksecurityRules": {
                    "type": "oci_core_security_list",
                    "depends_on": [],
                    "primary": {
                        "id": "ocid1.securitylist.oc1.iad.aaaaaaaawl6cgs77poyf4aj6m2kl63qsc26oapi6hq4p6m4d3oqc3j47wliq",
                        "attributes": {
                            "compartment_id": "ocid1.compartment.oc1..aaaaaaaajgefvmehc6szlyyt66aiu6ecefhr7myrn32w2c5prxng5mq3wu7q",
                            "display_name": "ELKvcn-Elksecrules",
                            "egress_security_rules.#": "1",
                            "egress_security_rules.0.destination": "0.0.0.0/0",
                            "egress_security_rules.0.icmp_options.#": "0",
                            "egress_security_rules.0.protocol": "all",
                            "egress_security_rules.0.stateless": "false",
                            "egress_security_rules.0.tcp_options.#": "0",
                            "egress_security_rules.0.udp_options.#": "0",
                            "id": "ocid1.securitylist.oc1.iad.aaaaaaaawl6cgs77poyf4aj6m2kl63qsc26oapi6hq4p6m4d3oqc3j47wliq",
                            "ingress_security_rules.#": "1",
                            "ingress_security_rules.0.icmp_options.#": "0",
                            "ingress_security_rules.0.protocol": "6",
                            "ingress_security_rules.0.source": "0.0.0.0/0",
                            "ingress_security_rules.0.stateless": "false",
                            "ingress_security_rules.0.tcp_options.#": "1",
                            "ingress_security_rules.0.tcp_options.0.max": "12000",
                            "ingress_security_rules.0.tcp_options.0.min": "22",
                            "ingress_security_rules.0.udp_options.#": "0",
                            "state": "AVAILABLE",
                            "time_created": "2017-11-16 10:15:34.181 +0000 UTC",
                            "vcn_id": "ocid1.vcn.oc1.iad.aaaaaaaaziomggtli4solwsgzhj2mrr34oeujqio2vnwi7x6iakm2qhkd45a"
                        },
                        "meta": {
                            "e2bfb730-ecaa-11e6-8f88-34363bc7c4c0": {
                                "create": 300000000000,
                                "delete": 300000000000,
                                "update": 300000000000
                            }
                        },
                        "tainted": false
                    },
                    "deposed": [],
                    "provider": ""
                }
            },
            "depends_on": []
        },
        {
            "path": [
                "root",
                "subnet"
            ],
            "outputs": {
                "subnet_ocid": {
                    "sensitive": false,
                    "type": "string",
                    "value": "ocid1.subnet.oc1.iad.aaaaaaaa54cy2i4ujcl73aodiae6vqw2knpnl4qz2tmoswntcdf4kyiqzoqa"
                }
            },
            "resources": {
                "oci_core_subnet.Elksubnet": {
                    "type": "oci_core_subnet",
                    "depends_on": [],
                    "primary": {
                        "id": "ocid1.subnet.oc1.iad.aaaaaaaa54cy2i4ujcl73aodiae6vqw2knpnl4qz2tmoswntcdf4kyiqzoqa",
                        "attributes": {
                            "availability_domain": "NZrt:US-ASHBURN-AD-1",
                            "cidr_block": "10.0.0.0/24",
                            "compartment_id": "ocid1.compartment.oc1..aaaaaaaajgefvmehc6szlyyt66aiu6ecefhr7myrn32w2c5prxng5mq3wu7q",
                            "dhcp_options_id": "ocid1.dhcpoptions.oc1.iad.aaaaaaaaholynky7bv27fa4nfxaqo3qfoud5lmxqh7c23rmaaxzwxitmmw6q",
                            "display_name": "ELKvcn-publicsubnet",
                            "dns_label": "elksubnet",
                            "id": "ocid1.subnet.oc1.iad.aaaaaaaa54cy2i4ujcl73aodiae6vqw2knpnl4qz2tmoswntcdf4kyiqzoqa",
                            "prohibit_public_ip_on_vnic": "false",
                            "route_table_id": "ocid1.routetable.oc1.iad.aaaaaaaat66irdtsnkbvwnhlf34z55yud5horcptwhrp56kgh6yfrjpntwpq",
                            "security_list_ids.#": "1",
                            "security_list_ids.3578842904": "ocid1.securitylist.oc1.iad.aaaaaaaawl6cgs77poyf4aj6m2kl63qsc26oapi6hq4p6m4d3oqc3j47wliq",
                            "state": "AVAILABLE",
                            "time_created": "2017-11-16 10:15:52.838 +0000 UTC",
                            "vcn_id": "ocid1.vcn.oc1.iad.aaaaaaaaziomggtli4solwsgzhj2mrr34oeujqio2vnwi7x6iakm2qhkd45a",
                            "virtual_router_ip": "10.0.0.1",
                            "virtual_router_mac": "00:00:17:0D:65:2C"
                        },
                        "meta": {
                            "e2bfb730-ecaa-11e6-8f88-34363bc7c4c0": {
                                "create": 300000000000,
                                "delete": 300000000000,
                                "update": 300000000000
                            }
                        },
                        "tainted": false
                    },
                    "deposed": [],
                    "provider": ""
                }
            },
            "depends_on": []
        },
        {
            "path": [
                "root",
                "vcn"
            ],
            "outputs": {
                "vcn_ocid": {
                    "sensitive": false,
                    "type": "string",
                    "value": "ocid1.vcn.oc1.iad.aaaaaaaaziomggtli4solwsgzhj2mrr34oeujqio2vnwi7x6iakm2qhkd45a"
                }
            },
            "resources": {
                "oci_core_virtual_network.ElkVcn": {
                    "type": "oci_core_virtual_network",
                    "depends_on": [],
                    "primary": {
                        "id": "ocid1.vcn.oc1.iad.aaaaaaaaziomggtli4solwsgzhj2mrr34oeujqio2vnwi7x6iakm2qhkd45a",
                        "attributes": {
                            "cidr_block": "10.0.0.0/16",
                            "compartment_id": "ocid1.compartment.oc1..aaaaaaaajgefvmehc6szlyyt66aiu6ecefhr7myrn32w2c5prxng5mq3wu7q",
                            "default_dhcp_options_id": "ocid1.dhcpoptions.oc1.iad.aaaaaaaaeqsfavhrbfzyzergcylspappwcbmvc2hr6mqcv4nllz3uw6y6hka",
                            "default_route_table_id": "ocid1.routetable.oc1.iad.aaaaaaaar4ebdsrr57dam6m3zb4gzrnqrujifgztlds3tlpc27iq5k3e53qa",
                            "default_security_list_id": "ocid1.securitylist.oc1.iad.aaaaaaaatnhzjkbfz64fypq2cewtplslrhva7zpwjcxpbs4nz7eeu5ckes7q",
                            "display_name": "ELKvcn",
                            "dns_label": "vcnelk",
                            "id": "ocid1.vcn.oc1.iad.aaaaaaaaziomggtli4solwsgzhj2mrr34oeujqio2vnwi7x6iakm2qhkd45a",
                            "state": "AVAILABLE",
                            "time_created": "2017-11-16 10:15:31.748 +0000 UTC"
                        },
                        "meta": {
                            "e2bfb730-ecaa-11e6-8f88-34363bc7c4c0": {
                                "create": 300000000000,
                                "delete": 300000000000,
                                "update": 300000000000
                            }
                        },
                        "tainted": false
                    },
                    "deposed": [],
                    "provider": ""
                }
            },
            "depends_on": []
        }
    ]
}
