{
    "version": 3,
    "terraform_version": "0.11.0",
    "serial": 4,
    "lineage": "265f43d4-e495-4ed9-8b46-a57fb8ca295d",
    "modules": [
        {
            "path": [
                "root"
            ],
            "outputs": {},
            "resources": {},
            "depends_on": []
        },
        {
            "path": [
                "root",
                "ad_data_source"
            ],
            "outputs": {
                "ad1_name": {
                    "sensitive": false,
                    "type": "string",
                    "value": "NZrt:PHX-AD-1"
                },
                "ad2_name": {
                    "sensitive": false,
                    "type": "string",
                    "value": "NZrt:PHX-AD-2"
                },
                "ad3_name": {
                    "sensitive": false,
                    "type": "string",
                    "value": "NZrt:PHX-AD-3"
                }
            },
            "resources": {
                "data.oci_identity_availability_domains.ADs": {
                    "type": "oci_identity_availability_domains",
                    "depends_on": [],
                    "primary": {
                        "id": "2017-11-29 12:28:35.6696606 +0000 UTC",
                        "attributes": {
                            "availability_domains.#": "3",
                            "availability_domains.0.compartment_id": "ocid1.tenancy.oc1..aaaaaaaaa4jvtf7x54iv54vz77ivqui2nlb7ordznpupnvqbaktl6vkwfhga",
                            "availability_domains.0.name": "NZrt:PHX-AD-1",
                            "availability_domains.1.compartment_id": "ocid1.tenancy.oc1..aaaaaaaaa4jvtf7x54iv54vz77ivqui2nlb7ordznpupnvqbaktl6vkwfhga",
                            "availability_domains.1.name": "NZrt:PHX-AD-2",
                            "availability_domains.2.compartment_id": "ocid1.tenancy.oc1..aaaaaaaaa4jvtf7x54iv54vz77ivqui2nlb7ordznpupnvqbaktl6vkwfhga",
                            "availability_domains.2.name": "NZrt:PHX-AD-3",
                            "compartment_id": "ocid1.tenancy.oc1..aaaaaaaaa4jvtf7x54iv54vz77ivqui2nlb7ordznpupnvqbaktl6vkwfhga",
                            "id": "2017-11-29 12:28:35.6696606 +0000 UTC"
                        },
                        "meta": {},
                        "tainted": false
                    },
                    "deposed": [],
                    "provider": "provider.oci"
                }
            },
            "depends_on": []
        },
        {
            "path": [
                "root",
                "images_data_source"
            ],
            "outputs": {
                "image_ocid": {
                    "sensitive": false,
                    "type": "string",
                    "value": "ocid1.image.oc1.phx.aaaaaaaayxj6n7yobwp4pv62x42laxqabioh2oe3pk4fjer2vd34ro4ycewa"
                }
            },
            "resources": {
                "data.oci_core_images.linImageOCID": {
                    "type": "oci_core_images",
                    "depends_on": [],
                    "primary": {
                        "id": "2017-11-29 12:28:35.6946784 +0000 UTC",
                        "attributes": {
                            "compartment_id": "ocid1.compartment.oc1..aaaaaaaajgefvmehc6szlyyt66aiu6ecefhr7myrn32w2c5prxng5mq3wu7q",
                            "id": "2017-11-29 12:28:35.6946784 +0000 UTC",
                            "images.#": "3",
                            "images.0.base_image_id": "",
                            "images.0.compartment_id": "",
                            "images.0.create_image_allowed": "true",
                            "images.0.display_name": "CentOS-7-2017.10.19-0",
                            "images.0.id": "ocid1.image.oc1.phx.aaaaaaaayxj6n7yobwp4pv62x42laxqabioh2oe3pk4fjer2vd34ro4ycewa",
                            "images.0.instance_id": "",
                            "images.0.operating_system": "CentOS",
                            "images.0.operating_system_version": "7",
                            "images.0.state": "AVAILABLE",
                            "images.0.time_created": "2017-10-19 21:09:59.437 +0000 UTC",
                            "images.1.base_image_id": "",
                            "images.1.compartment_id": "",
                            "images.1.create_image_allowed": "true",
                            "images.1.display_name": "CentOS-7-2017.09.14-0",
                            "images.1.id": "ocid1.image.oc1.phx.aaaaaaaauqtvzhqplzuyesb5tctig6qrwoavpnfiwdkvuynu7z646z72ahcq",
                            "images.1.instance_id": "",
                            "images.1.operating_system": "CentOS",
                            "images.1.operating_system_version": "7",
                            "images.1.state": "AVAILABLE",
                            "images.1.time_created": "2017-09-04 18:25:59.713 +0000 UTC",
                            "images.2.base_image_id": "",
                            "images.2.compartment_id": "",
                            "images.2.create_image_allowed": "true",
                            "images.2.display_name": "CentOS-7-2017.07.17-0",
                            "images.2.id": "ocid1.image.oc1.phx.aaaaaaaahmts5c5nktcnqsu6ppom72d7dnvkmqsoaavpsiklamn7qd3a7szq",
                            "images.2.instance_id": "",
                            "images.2.operating_system": "CentOS",
                            "images.2.operating_system_version": "7",
                            "images.2.state": "AVAILABLE",
                            "images.2.time_created": "2017-07-17 20:53:00.549 +0000 UTC",
                            "operating_system": "CentOS",
                            "operating_system_version": "7"
                        },
                        "meta": {},
                        "tainted": false
                    },
                    "deposed": [],
                    "provider": "provider.oci"
                }
            },
            "depends_on": []
        },
        {
            "path": [
                "root",
                "instance"
            ],
            "outputs": {
                "instance_linux_ocid": {
                    "sensitive": false,
                    "type": "string",
                    "value": "ocid1.instance.oc1.phx.abyhqljrf66xr2guobdegsqu6p4pj4v6sndh2su7phqwmbb37warebtvreqq"
                }
            },
            "resources": {
                "null_resource.remote-exec": {
                    "type": "null_resource",
                    "depends_on": [
                        "oci_core_instance.linux"
                    ],
                    "primary": {
                        "id": "4094621840856055254",
                        "attributes": {
                            "id": "4094621840856055254"
                        },
                        "meta": {},
                        "tainted": false
                    },
                    "deposed": [],
                    "provider": "provider.null"
                },
                "oci_core_instance.linux": {
                    "type": "oci_core_instance",
                    "depends_on": [],
                    "primary": {
                        "id": "ocid1.instance.oc1.phx.abyhqljrf66xr2guobdegsqu6p4pj4v6sndh2su7phqwmbb37warebtvreqq",
                        "attributes": {
                            "availability_domain": "NZrt:PHX-AD-2",
                            "compartment_id": "ocid1.compartment.oc1..aaaaaaaajgefvmehc6szlyyt66aiu6ecefhr7myrn32w2c5prxng5mq3wu7q",
                            "create_vnic_details.#": "1",
                            "create_vnic_details.0.assign_public_ip": "true",
                            "create_vnic_details.0.display_name": "dtsun89c7-nic",
                            "create_vnic_details.0.hostname_label": "dtsun89c7-instance",
                            "create_vnic_details.0.private_ip": "10.3.0.2",
                            "create_vnic_details.0.skip_source_dest_check": "false",
                            "create_vnic_details.0.subnet_id": "ocid1.subnet.oc1.phx.aaaaaaaa7sutj7wirtzufbgtroune2ka5u2sakyqja53nt2zz6oyetnqeqyq",
                            "display_name": "dtsun89c7-server",
                            "id": "ocid1.instance.oc1.phx.abyhqljrf66xr2guobdegsqu6p4pj4v6sndh2su7phqwmbb37warebtvreqq",
                            "image": "ocid1.image.oc1.phx.aaaaaaaayxj6n7yobwp4pv62x42laxqabioh2oe3pk4fjer2vd34ro4ycewa",
                            "ipxe_script": "",
                            "metadata.%": "2",
                            "metadata.ssh_authorized_keys": "ssh-rsa AAAAB3NzaC1yc2EAAAABJQAAAQEAxPvFEyzT4vVr2ex6oABazugBPNsiyERjpBnt7yWW/QnXh5thfAbcKnS0uK9a6JVvHP7JLpzMvp1evL+ycwhuiWZtHcrBRtqWT3tLyoRPLbYXJLF9U+6zsFSiZrinqlsCgwzJJuiJcW/FiG9XOTBsTvGb3txGqOt0c8at+Y0RTvBG7quYMFpJczitfJHZ7zLXaOAe3zEbl6FatsRNXZm+/PZ08eGxJvFtQfufBagWbvehQ6i89cIzClP324S8RfVD7314K/6UHHT1NUCmYo/9amAeCTRKcpGIQWfvLbdBdzwhH2LlyAL+hyPUWxmqLJYvBTc/98oKY/fer0wVbba9/w== rsa-key-20171128",
                            "metadata.user_data": "IyEvYmluL2Jhc2gNCnVzZXJuYW1lPWRhdGFzdW5yaXNlDQpwd2Q9ZGF0YXN1bnJpc2VAMTIzNA0KIyMjIyMjIyMjIyMjY2hhbmdlIHVzZXJuYW1lIGZyb20gZGVmYXVsdCB1c2VybmFtZSAjIyMjIyMjIyMjIyMNCnN1ZG8gdXNlcm1vZCAtbCAkdXNlcm5hbWUgb3BjDQp1c2VybW9kIC1kIC9ob21lLyR1c2VybmFtZSAtbSAkdXNlcm5hbWUNCiMjIyMjIyMjIyMjI0VuYWJsZSBwYXNzd29yZCBhdXRoZW50aWNhdGlvbiMjIyMjIyMjIyMjIw0KZWNobyAtZSAiJHB3ZFxuJHB3ZCIgfCBzdWRvIHBhc3N3ZCAkdXNlcm5hbWUNCmZpbGU9Ii9ldGMvc3NoL3NzaGRfY29uZmlnIg0KcGFzc3dkX2F1dGg9InllcyINCmNhdCAkZmlsZSBcDQp8IHNlZCAtZSAiczpcKFBhc3N3b3JkQXV0aGVudGljYXRpb25cKS4qOlBhc3N3b3JkQXV0aGVudGljYXRpb24gJHBhc3N3ZF9hdXRoOiIgXA0KPiAkZmlsZS5uZXcNCm12ICRmaWxlLm5ldyAkZmlsZQ0Kc2VydmljZSBzc2hkIHJlc3RhcnQKLi9lbmFibGUtcGFzc3dvcmQuc2ggZGF0YXN1bnJpc2UgZGF0YXN1bnJpc2VAMTIzNAo=",
                            "private_ip": "10.3.0.2",
                            "public_ip": "129.146.97.175",
                            "region": "phx",
                            "shape": "VM.Standard1.4",
                            "state": "RUNNING",
                            "time_created": "2017-11-29 12:28:01.354 +0000 UTC"
                        },
                        "meta": {
                            "e2bfb730-ecaa-11e6-8f88-34363bc7c4c0": {
                                "create": 7200000000000,
                                "delete": 7200000000000,
                                "update": 7200000000000
                            }
                        },
                        "tainted": false
                    },
                    "deposed": [],
                    "provider": "provider.oci"
                }
            },
            "depends_on": []
        },
        {
            "path": [
                "root",
                "internet_gateway"
            ],
            "outputs": {
                "internet_gateway_ocid": {
                    "sensitive": false,
                    "type": "string",
                    "value": "ocid1.internetgateway.oc1.phx.aaaaaaaa5ta4bi232slawiorxbionixz4dsawihmrey7vcin2zqfc62vm67a"
                }
            },
            "resources": {
                "oci_core_internet_gateway.igw": {
                    "type": "oci_core_internet_gateway",
                    "depends_on": [],
                    "primary": {
                        "id": "ocid1.internetgateway.oc1.phx.aaaaaaaa5ta4bi232slawiorxbionixz4dsawihmrey7vcin2zqfc62vm67a",
                        "attributes": {
                            "compartment_id": "ocid1.compartment.oc1..aaaaaaaajgefvmehc6szlyyt66aiu6ecefhr7myrn32w2c5prxng5mq3wu7q",
                            "display_name": "dtsun89c7-igw",
                            "enabled": "true",
                            "id": "ocid1.internetgateway.oc1.phx.aaaaaaaa5ta4bi232slawiorxbionixz4dsawihmrey7vcin2zqfc62vm67a",
                            "state": "AVAILABLE",
                            "time_created": "2017-11-29 12:27:16.133 +0000 UTC",
                            "time_modified": "0001-01-01 00:00:00 +0000 UTC",
                            "vcn_id": "ocid1.vcn.oc1.phx.aaaaaaaapny6y6xoakejecizcfxrvdebtx72agwi5qhranlzclw6ogzgogzq"
                        },
                        "meta": {
                            "e2bfb730-ecaa-11e6-8f88-34363bc7c4c0": {
                                "create": 300000000000,
                                "delete": 300000000000,
                                "update": 300000000000
                            }
                        },
                        "tainted": false
                    },
                    "deposed": [],
                    "provider": "provider.oci"
                }
            },
            "depends_on": []
        },
        {
            "path": [
                "root",
                "route_table"
            ],
            "outputs": {
                "route_table_ocid": {
                    "sensitive": false,
                    "type": "string",
                    "value": "ocid1.routetable.oc1.phx.aaaaaaaa7hm4qykxsficzmadzkistelm44fj5cxsvetkfw5zga73h6yqhk3q"
                }
            },
            "resources": {
                "oci_core_route_table.rt": {
                    "type": "oci_core_route_table",
                    "depends_on": [],
                    "primary": {
                        "id": "ocid1.routetable.oc1.phx.aaaaaaaa7hm4qykxsficzmadzkistelm44fj5cxsvetkfw5zga73h6yqhk3q",
                        "attributes": {
                            "compartment_id": "ocid1.compartment.oc1..aaaaaaaajgefvmehc6szlyyt66aiu6ecefhr7myrn32w2c5prxng5mq3wu7q",
                            "display_name": "dtsun89c7-rt",
                            "id": "ocid1.routetable.oc1.phx.aaaaaaaa7hm4qykxsficzmadzkistelm44fj5cxsvetkfw5zga73h6yqhk3q",
                            "route_rules.#": "1",
                            "route_rules.0.cidr_block": "0.0.0.0/0",
                            "route_rules.0.network_entity_id": "ocid1.internetgateway.oc1.phx.aaaaaaaa5ta4bi232slawiorxbionixz4dsawihmrey7vcin2zqfc62vm67a",
                            "state": "AVAILABLE",
                            "time_created": "2017-11-29 12:27:17.255 +0000 UTC",
                            "time_modified": "0001-01-01 00:00:00 +0000 UTC",
                            "vcn_id": "ocid1.vcn.oc1.phx.aaaaaaaapny6y6xoakejecizcfxrvdebtx72agwi5qhranlzclw6ogzgogzq"
                        },
                        "meta": {
                            "e2bfb730-ecaa-11e6-8f88-34363bc7c4c0": {
                                "create": 300000000000,
                                "delete": 300000000000,
                                "update": 300000000000
                            }
                        },
                        "tainted": false
                    },
                    "deposed": [],
                    "provider": "provider.oci"
                }
            },
            "depends_on": []
        },
        {
            "path": [
                "root",
                "security_list"
            ],
            "outputs": {
                "security_list_ocid": {
                    "sensitive": false,
                    "type": "string",
                    "value": "ocid1.securitylist.oc1.phx.aaaaaaaajbfx6f7wl4ey7suilwsowd4hfpfnb4y6tuccepxfczphmfa4q53a"
                }
            },
            "resources": {
                "oci_core_security_list.nsl": {
                    "type": "oci_core_security_list",
                    "depends_on": [],
                    "primary": {
                        "id": "ocid1.securitylist.oc1.phx.aaaaaaaajbfx6f7wl4ey7suilwsowd4hfpfnb4y6tuccepxfczphmfa4q53a",
                        "attributes": {
                            "compartment_id": "ocid1.compartment.oc1..aaaaaaaajgefvmehc6szlyyt66aiu6ecefhr7myrn32w2c5prxng5mq3wu7q",
                            "display_name": "dtsun89c7-nsl",
                            "egress_security_rules.#": "1",
                            "egress_security_rules.0.destination": "0.0.0.0/0",
                            "egress_security_rules.0.icmp_options.#": "0",
                            "egress_security_rules.0.protocol": "all",
                            "egress_security_rules.0.stateless": "false",
                            "egress_security_rules.0.tcp_options.#": "0",
                            "egress_security_rules.0.udp_options.#": "0",
                            "id": "ocid1.securitylist.oc1.phx.aaaaaaaajbfx6f7wl4ey7suilwsowd4hfpfnb4y6tuccepxfczphmfa4q53a",
                            "ingress_security_rules.#": "4",
                            "ingress_security_rules.0.icmp_options.#": "0",
                            "ingress_security_rules.0.protocol": "6",
                            "ingress_security_rules.0.source": "0.0.0.0/0",
                            "ingress_security_rules.0.stateless": "false",
                            "ingress_security_rules.0.tcp_options.#": "1",
                            "ingress_security_rules.0.tcp_options.0.max": "22",
                            "ingress_security_rules.0.tcp_options.0.min": "22",
                            "ingress_security_rules.0.udp_options.#": "0",
                            "ingress_security_rules.1.icmp_options.#": "0",
                            "ingress_security_rules.1.protocol": "6",
                            "ingress_security_rules.1.source": "0.0.0.0/0",
                            "ingress_security_rules.1.stateless": "false",
                            "ingress_security_rules.1.tcp_options.#": "1",
                            "ingress_security_rules.1.tcp_options.0.max": "5432",
                            "ingress_security_rules.1.tcp_options.0.min": "5432",
                            "ingress_security_rules.1.udp_options.#": "0",
                            "ingress_security_rules.2.icmp_options.#": "0",
                            "ingress_security_rules.2.protocol": "6",
                            "ingress_security_rules.2.source": "0.0.0.0/0",
                            "ingress_security_rules.2.stateless": "false",
                            "ingress_security_rules.2.tcp_options.#": "1",
                            "ingress_security_rules.2.tcp_options.0.max": "54321",
                            "ingress_security_rules.2.tcp_options.0.min": "54321",
                            "ingress_security_rules.2.udp_options.#": "0",
                            "ingress_security_rules.3.icmp_options.#": "0",
                            "ingress_security_rules.3.protocol": "6",
                            "ingress_security_rules.3.source": "0.0.0.0/0",
                            "ingress_security_rules.3.stateless": "false",
                            "ingress_security_rules.3.tcp_options.#": "1",
                            "ingress_security_rules.3.tcp_options.0.max": "11000",
                            "ingress_security_rules.3.tcp_options.0.min": "11000",
                            "ingress_security_rules.3.udp_options.#": "0",
                            "state": "AVAILABLE",
                            "time_created": "2017-11-29 12:27:16.523 +0000 UTC",
                            "vcn_id": "ocid1.vcn.oc1.phx.aaaaaaaapny6y6xoakejecizcfxrvdebtx72agwi5qhranlzclw6ogzgogzq"
                        },
                        "meta": {
                            "e2bfb730-ecaa-11e6-8f88-34363bc7c4c0": {
                                "create": 300000000000,
                                "delete": 300000000000,
                                "update": 300000000000
                            }
                        },
                        "tainted": false
                    },
                    "deposed": [],
                    "provider": "provider.oci"
                }
            },
            "depends_on": []
        },
        {
            "path": [
                "root",
                "subnets"
            ],
            "outputs": {
                "subnet1_ocid": {
                    "sensitive": false,
                    "type": "string",
                    "value": "ocid1.subnet.oc1.phx.aaaaaaaa7sutj7wirtzufbgtroune2ka5u2sakyqja53nt2zz6oyetnqeqyq"
                }
            },
            "resources": {
                "oci_core_subnet.sub1": {
                    "type": "oci_core_subnet",
                    "depends_on": [],
                    "primary": {
                        "id": "ocid1.subnet.oc1.phx.aaaaaaaa7sutj7wirtzufbgtroune2ka5u2sakyqja53nt2zz6oyetnqeqyq",
                        "attributes": {
                            "availability_domain": "NZrt:PHX-AD-2",
                            "cidr_block": "10.3.0.0/24",
                            "compartment_id": "ocid1.compartment.oc1..aaaaaaaajgefvmehc6szlyyt66aiu6ecefhr7myrn32w2c5prxng5mq3wu7q",
                            "dhcp_options_id": "ocid1.dhcpoptions.oc1.phx.aaaaaaaamam4e5tnf2rhsxqfukhotnhwctjc34guq55m4sl5j6wx5ndovobq",
                            "display_name": "dtsun89c7-subnet1",
                            "dns_label": "dtsun89c7sub",
                            "id": "ocid1.subnet.oc1.phx.aaaaaaaa7sutj7wirtzufbgtroune2ka5u2sakyqja53nt2zz6oyetnqeqyq",
                            "prohibit_public_ip_on_vnic": "false",
                            "route_table_id": "ocid1.routetable.oc1.phx.aaaaaaaa7hm4qykxsficzmadzkistelm44fj5cxsvetkfw5zga73h6yqhk3q",
                            "security_list_ids.#": "1",
                            "security_list_ids.3943489593": "ocid1.securitylist.oc1.phx.aaaaaaaajbfx6f7wl4ey7suilwsowd4hfpfnb4y6tuccepxfczphmfa4q53a",
                            "state": "AVAILABLE",
                            "time_created": "2017-11-29 12:27:33.283 +0000 UTC",
                            "vcn_id": "ocid1.vcn.oc1.phx.aaaaaaaapny6y6xoakejecizcfxrvdebtx72agwi5qhranlzclw6ogzgogzq",
                            "virtual_router_ip": "10.3.0.1",
                            "virtual_router_mac": "00:00:17:6A:5E:0D"
                        },
                        "meta": {
                            "e2bfb730-ecaa-11e6-8f88-34363bc7c4c0": {
                                "create": 300000000000,
                                "delete": 300000000000,
                                "update": 300000000000
                            }
                        },
                        "tainted": false
                    },
                    "deposed": [],
                    "provider": "provider.oci"
                }
            },
            "depends_on": []
        },
        {
            "path": [
                "root",
                "unique_id"
            ],
            "outputs": {
                "unique_id": {
                    "sensitive": false,
                    "type": "string",
                    "value": "89c7"
                }
            },
            "resources": {
                "random_id.unq": {
                    "type": "random_id",
                    "depends_on": [],
                    "primary": {
                        "id": "icc",
                        "attributes": {
                            "b64": "icc",
                            "b64_std": "icc=",
                            "b64_url": "icc",
                            "byte_length": "2",
                            "dec": "35271",
                            "hex": "89c7",
                            "id": "icc"
                        },
                        "meta": {},
                        "tainted": false
                    },
                    "deposed": [],
                    "provider": "provider.random"
                }
            },
            "depends_on": []
        },
        {
            "path": [
                "root",
                "vcn"
            ],
            "outputs": {
                "dhcp_ocid": {
                    "sensitive": false,
                    "type": "string",
                    "value": "ocid1.dhcpoptions.oc1.phx.aaaaaaaamam4e5tnf2rhsxqfukhotnhwctjc34guq55m4sl5j6wx5ndovobq"
                },
                "vcn_ocid": {
                    "sensitive": false,
                    "type": "string",
                    "value": "ocid1.vcn.oc1.phx.aaaaaaaapny6y6xoakejecizcfxrvdebtx72agwi5qhranlzclw6ogzgogzq"
                }
            },
            "resources": {
                "oci_core_virtual_network.vcn": {
                    "type": "oci_core_virtual_network",
                    "depends_on": [],
                    "primary": {
                        "id": "ocid1.vcn.oc1.phx.aaaaaaaapny6y6xoakejecizcfxrvdebtx72agwi5qhranlzclw6ogzgogzq",
                        "attributes": {
                            "cidr_block": "10.3.0.0/16",
                            "compartment_id": "ocid1.compartment.oc1..aaaaaaaajgefvmehc6szlyyt66aiu6ecefhr7myrn32w2c5prxng5mq3wu7q",
                            "default_dhcp_options_id": "ocid1.dhcpoptions.oc1.phx.aaaaaaaamam4e5tnf2rhsxqfukhotnhwctjc34guq55m4sl5j6wx5ndovobq",
                            "default_route_table_id": "ocid1.routetable.oc1.phx.aaaaaaaa4wsccju6oc2c3m5xsps7b4jd3zpjhcubyrajinusz6w5jv52ykpa",
                            "default_security_list_id": "ocid1.securitylist.oc1.phx.aaaaaaaa4l76ozd7zn3ol7v2s4tbmou73jdts62lgux3hbbww5qqeu2nnhhq",
                            "display_name": "dtsun89c7-vcn",
                            "dns_label": "dtsun89c7dnsvcn",
                            "id": "ocid1.vcn.oc1.phx.aaaaaaaapny6y6xoakejecizcfxrvdebtx72agwi5qhranlzclw6ogzgogzq",
                            "state": "AVAILABLE",
                            "time_created": "2017-11-29 12:27:15.389 +0000 UTC"
                        },
                        "meta": {
                            "e2bfb730-ecaa-11e6-8f88-34363bc7c4c0": {
                                "create": 300000000000,
                                "delete": 300000000000,
                                "update": 300000000000
                            }
                        },
                        "tainted": false
                    },
                    "deposed": [],
                    "provider": "provider.oci"
                }
            },
            "depends_on": []
        },
        {
            "path": [
                "root",
                "vnic_data_source"
            ],
            "outputs": {
                "linux_private_ip": {
                    "sensitive": false,
                    "type": "string",
                    "value": "10.3.0.2"
                },
                "linux_public_ip": {
                    "sensitive": false,
                    "type": "string",
                    "value": "129.146.97.175"
                }
            },
            "resources": {
                "data.oci_core_vnic.lin-nic": {
                    "type": "oci_core_vnic",
                    "depends_on": [
                        "data.oci_core_vnic_attachments.linVnics"
                    ],
                    "primary": {
                        "id": "ocid1.vnic.oc1.phx.abyhqljr66gwuszhaty6eg4prb3ownhuzx6muqmkvhrjdiggr73zx5wzx5hq",
                        "attributes": {
                            "availability_domain": "NZrt:PHX-AD-2",
                            "compartment_id": "ocid1.compartment.oc1..aaaaaaaajgefvmehc6szlyyt66aiu6ecefhr7myrn32w2c5prxng5mq3wu7q",
                            "display_name": "dtsun89c7-nic",
                            "hostname_label": "dtsun89c7-instance",
                            "id": "ocid1.vnic.oc1.phx.abyhqljr66gwuszhaty6eg4prb3ownhuzx6muqmkvhrjdiggr73zx5wzx5hq",
                            "is_primary": "true",
                            "mac_address": "00:00:17:00:72:1A",
                            "private_ip_address": "10.3.0.2",
                            "public_ip_address": "129.146.97.175",
                            "skip_source_dest_check": "false",
                            "state": "AVAILABLE",
                            "subnet_id": "ocid1.subnet.oc1.phx.aaaaaaaa7sutj7wirtzufbgtroune2ka5u2sakyqja53nt2zz6oyetnqeqyq",
                            "time_created": "2017-11-29 12:28:07.123 +0000 UTC",
                            "vnic_id": "ocid1.vnic.oc1.phx.abyhqljr66gwuszhaty6eg4prb3ownhuzx6muqmkvhrjdiggr73zx5wzx5hq"
                        },
                        "meta": {},
                        "tainted": false
                    },
                    "deposed": [],
                    "provider": "provider.oci"
                },
                "data.oci_core_vnic_attachments.linVnics": {
                    "type": "oci_core_vnic_attachments",
                    "depends_on": [],
                    "primary": {
                        "id": "2017-11-29 12:30:18.9861345 +0000 UTC",
                        "attributes": {
                            "availability_domain": "NZrt:PHX-AD-2",
                            "compartment_id": "ocid1.compartment.oc1..aaaaaaaajgefvmehc6szlyyt66aiu6ecefhr7myrn32w2c5prxng5mq3wu7q",
                            "id": "2017-11-29 12:30:18.9861345 +0000 UTC",
                            "instance_id": "ocid1.instance.oc1.phx.abyhqljrf66xr2guobdegsqu6p4pj4v6sndh2su7phqwmbb37warebtvreqq",
                            "vnic_attachments.#": "1",
                            "vnic_attachments.0.availability_domain": "NZrt:PHX-AD-2",
                            "vnic_attachments.0.compartment_id": "ocid1.compartment.oc1..aaaaaaaajgefvmehc6szlyyt66aiu6ecefhr7myrn32w2c5prxng5mq3wu7q",
                            "vnic_attachments.0.display_name": "",
                            "vnic_attachments.0.id": "ocid1.vnicattachment.oc1.phx.abyhqljrthawba4rehccmifnonodm4qzrbkh7tuqgjbwvv5ltgqao52b4rna",
                            "vnic_attachments.0.instance_id": "ocid1.instance.oc1.phx.abyhqljrf66xr2guobdegsqu6p4pj4v6sndh2su7phqwmbb37warebtvreqq",
                            "vnic_attachments.0.state": "ATTACHED",
                            "vnic_attachments.0.subnet_id": "ocid1.subnet.oc1.phx.aaaaaaaa7sutj7wirtzufbgtroune2ka5u2sakyqja53nt2zz6oyetnqeqyq",
                            "vnic_attachments.0.time_created": "Wed, 29 Nov 2017 12:28:08 UTC",
                            "vnic_attachments.0.vnic_id": "ocid1.vnic.oc1.phx.abyhqljr66gwuszhaty6eg4prb3ownhuzx6muqmkvhrjdiggr73zx5wzx5hq"
                        },
                        "meta": {},
                        "tainted": false
                    },
                    "deposed": [],
                    "provider": "provider.oci"
                }
            },
            "depends_on": []
        }
    ]
}
