{
    "version": 3,
    "terraform_version": "0.10.7",
    "serial": 211,
    "lineage": "8e8e2602-02ed-4ff8-a32e-59aa8e1a5500",
    "modules": [
        {
            "path": [
                "root"
            ],
            "outputs": {
                "linux-a_InstancePrivateIP": {
                    "sensitive": false,
                    "type": "list",
                    "value": [
                        "10.0.0.2"
                    ]
                },
                "linux-a_InstancePublicIP": {
                    "sensitive": false,
                    "type": "list",
                    "value": [
                        "129.213.38.84"
                    ]
                }
            },
            "resources": {
                "data.oci_core_images.OLImageOCID": {
                    "type": "oci_core_images",
                    "depends_on": [],
                    "primary": {
                        "id": "2017-11-03 05:29:46.1218109 +0000 UTC",
                        "attributes": {
                            "compartment_id": "ocid1.compartment.oc1..aaaaaaaajgefvmehc6szlyyt66aiu6ecefhr7myrn32w2c5prxng5mq3wu7q",
                            "id": "2017-11-03 05:29:46.1218109 +0000 UTC",
                            "images.#": "4",
                            "images.0.base_image_id": "",
                            "images.0.compartment_id": "",
                            "images.0.create_image_allowed": "true",
                            "images.0.display_name": "Canonical-Ubuntu-16.04-Gen2-GPU-2017.10.25-0",
                            "images.0.id": "ocid1.image.oc1.iad.aaaaaaaamsrpy25dvsy42yt7gnqfska3ofyqzvukkaqzl2jrcpszn4j56k3q",
                            "images.0.instance_id": "",
                            "images.0.operating_system": "Canonical Ubuntu",
                            "images.0.operating_system_version": "16.04",
                            "images.0.state": "AVAILABLE",
                            "images.0.time_created": "2017-10-27 22:04:37.523 +0000 UTC",
                            "images.1.base_image_id": "",
                            "images.1.compartment_id": "",
                            "images.1.create_image_allowed": "true",
                            "images.1.display_name": "Canonical-Ubuntu-16.04-2017.10.25-0",
                            "images.1.id": "ocid1.image.oc1.iad.aaaaaaaahqfv2inssrwfu6arffox3zubxm4swql4hht6t5fk4m5ilfzomgda",
                            "images.1.instance_id": "",
                            "images.1.operating_system": "Canonical Ubuntu",
                            "images.1.operating_system_version": "16.04",
                            "images.1.state": "AVAILABLE",
                            "images.1.time_created": "2017-10-25 21:25:15.148 +0000 UTC",
                            "images.2.base_image_id": "",
                            "images.2.compartment_id": "",
                            "images.2.create_image_allowed": "true",
                            "images.2.display_name": "Canonical-Ubuntu-16.04-2017.08.22-0",
                            "images.2.id": "ocid1.image.oc1.iad.aaaaaaaatjsckmcbcmuhl3n42iyuugauuupw5jmv3zkxbnwud7mkyhroddoq",
                            "images.2.instance_id": "",
                            "images.2.operating_system": "Canonical Ubuntu",
                            "images.2.operating_system_version": "16.04",
                            "images.2.state": "AVAILABLE",
                            "images.2.time_created": "2017-08-22 17:44:35.038 +0000 UTC",
                            "images.3.base_image_id": "",
                            "images.3.compartment_id": "",
                            "images.3.create_image_allowed": "true",
                            "images.3.display_name": "Canonical-Ubuntu-16.04-2017.06.28-0",
                            "images.3.id": "ocid1.image.oc1.iad.aaaaaaaa25xqs7rqfkf7ukgwnpzvyhbg3qd4rplu7yl5tpnmdkzzeudr3s2a",
                            "images.3.instance_id": "",
                            "images.3.operating_system": "Canonical Ubuntu",
                            "images.3.operating_system_version": "16.04",
                            "images.3.state": "AVAILABLE",
                            "images.3.time_created": "2017-06-23 22:08:46.818 +0000 UTC",
                            "operating_system": "Canonical Ubuntu",
                            "operating_system_version": "16.04"
                        },
                        "meta": {},
                        "tainted": false
                    },
                    "deposed": [],
                    "provider": ""
                },
                "data.oci_core_vnic.InstanceVnic": {
                    "type": "oci_core_vnic",
                    "depends_on": [
                        "data.oci_core_vnic_attachments.InstanceVnicas"
                    ],
                    "primary": {
                        "id": "ocid1.vnic.oc1.iad.abuwcljsgisz6nkjepu5ggft6666gm63usmuishotyi45qcddlf73f4lssvq",
                        "attributes": {
                            "availability_domain": "NZrt:US-ASHBURN-AD-1",
                            "compartment_id": "ocid1.compartment.oc1..aaaaaaaajgefvmehc6szlyyt66aiu6ecefhr7myrn32w2c5prxng5mq3wu7q",
                            "display_name": "jenkinsvnic",
                            "hostname_label": "jenkinsvm",
                            "id": "ocid1.vnic.oc1.iad.abuwcljsgisz6nkjepu5ggft6666gm63usmuishotyi45qcddlf73f4lssvq",
                            "is_primary": "true",
                            "mac_address": "02:00:17:01:07:F5",
                            "private_ip_address": "10.0.0.2",
                            "public_ip_address": "129.213.38.84",
                            "skip_source_dest_check": "false",
                            "state": "AVAILABLE",
                            "subnet_id": "ocid1.subnet.oc1.iad.aaaaaaaaqc2txbtxygcekgbkgtdxfcpxq75krpf4x2wutjalapmtnorddpna",
                            "time_created": "2017-11-03 05:33:43.827 +0000 UTC",
                            "vnic_id": "ocid1.vnic.oc1.iad.abuwcljsgisz6nkjepu5ggft6666gm63usmuishotyi45qcddlf73f4lssvq"
                        },
                        "meta": {},
                        "tainted": false
                    },
                    "deposed": [],
                    "provider": ""
                },
                "data.oci_core_vnic_attachments.InstanceVnicas": {
                    "type": "oci_core_vnic_attachments",
                    "depends_on": [
                        "data.oci_identity_availability_domains.ADs",
                        "oci_core_instance.JenkinsInstance"
                    ],
                    "primary": {
                        "id": "2017-11-03 05:30:34.5795999 +0000 UTC",
                        "attributes": {
                            "availability_domain": "NZrt:US-ASHBURN-AD-1",
                            "compartment_id": "ocid1.compartment.oc1..aaaaaaaajgefvmehc6szlyyt66aiu6ecefhr7myrn32w2c5prxng5mq3wu7q",
                            "id": "2017-11-03 05:30:34.5795999 +0000 UTC",
                            "instance_id": "ocid1.instance.oc1.iad.abuwcljsdtc4vohxgzwrbxtjxz6zt4qwp6trj7pt63lxrrfzzvava77omtna",
                            "vnic_attachments.#": "1",
                            "vnic_attachments.0.availability_domain": "NZrt:US-ASHBURN-AD-1",
                            "vnic_attachments.0.compartment_id": "ocid1.compartment.oc1..aaaaaaaajgefvmehc6szlyyt66aiu6ecefhr7myrn32w2c5prxng5mq3wu7q",
                            "vnic_attachments.0.display_name": "",
                            "vnic_attachments.0.id": "ocid1.vnicattachment.oc1.iad.abuwcljss6z24cuxlgc2bdgahmdwc2gjequ5ulkf5d6nfx52jfj22aps52cq",
                            "vnic_attachments.0.instance_id": "ocid1.instance.oc1.iad.abuwcljsdtc4vohxgzwrbxtjxz6zt4qwp6trj7pt63lxrrfzzvava77omtna",
                            "vnic_attachments.0.state": "ATTACHED",
                            "vnic_attachments.0.subnet_id": "ocid1.subnet.oc1.iad.aaaaaaaaqc2txbtxygcekgbkgtdxfcpxq75krpf4x2wutjalapmtnorddpna",
                            "vnic_attachments.0.time_created": "Fri, 03 Nov 2017 05:33:44 UTC",
                            "vnic_attachments.0.vnic_id": "ocid1.vnic.oc1.iad.abuwcljsgisz6nkjepu5ggft6666gm63usmuishotyi45qcddlf73f4lssvq"
                        },
                        "meta": {},
                        "tainted": false
                    },
                    "deposed": [],
                    "provider": ""
                },
                "data.oci_identity_availability_domains.ADs": {
                    "type": "oci_identity_availability_domains",
                    "depends_on": [],
                    "primary": {
                        "id": "2017-11-03 05:29:46.1218109 +0000 UTC",
                        "attributes": {
                            "availability_domains.#": "3",
                            "availability_domains.0.compartment_id": "ocid1.tenancy.oc1..aaaaaaaaa4jvtf7x54iv54vz77ivqui2nlb7ordznpupnvqbaktl6vkwfhga",
                            "availability_domains.0.name": "NZrt:US-ASHBURN-AD-1",
                            "availability_domains.1.compartment_id": "ocid1.tenancy.oc1..aaaaaaaaa4jvtf7x54iv54vz77ivqui2nlb7ordznpupnvqbaktl6vkwfhga",
                            "availability_domains.1.name": "NZrt:US-ASHBURN-AD-2",
                            "availability_domains.2.compartment_id": "ocid1.tenancy.oc1..aaaaaaaaa4jvtf7x54iv54vz77ivqui2nlb7ordznpupnvqbaktl6vkwfhga",
                            "availability_domains.2.name": "NZrt:US-ASHBURN-AD-3",
                            "compartment_id": "ocid1.tenancy.oc1..aaaaaaaaa4jvtf7x54iv54vz77ivqui2nlb7ordznpupnvqbaktl6vkwfhga",
                            "id": "2017-11-03 05:29:46.1218109 +0000 UTC"
                        },
                        "meta": {},
                        "tainted": false
                    },
                    "deposed": [],
                    "provider": ""
                },
                "oci_core_instance.JenkinsInstance": {
                    "type": "oci_core_instance",
                    "depends_on": [
                        "data.oci_core_images.OLImageOCID",
                        "data.oci_identity_availability_domains.ADs",
                        "oci_core_subnet.subnet"
                    ],
                    "primary": {
                        "id": "ocid1.instance.oc1.iad.abuwcljsdtc4vohxgzwrbxtjxz6zt4qwp6trj7pt63lxrrfzzvava77omtna",
                        "attributes": {
                            "availability_domain": "NZrt:US-ASHBURN-AD-1",
                            "compartment_id": "ocid1.compartment.oc1..aaaaaaaajgefvmehc6szlyyt66aiu6ecefhr7myrn32w2c5prxng5mq3wu7q",
                            "create_vnic_details.%": "4",
                            "create_vnic_details.assign_public_ip": "1",
                            "create_vnic_details.display_name": "jenkinsvnic",
                            "create_vnic_details.hostname_label": "jenkinsvm",
                            "create_vnic_details.subnet_id": "ocid1.subnet.oc1.iad.aaaaaaaaqc2txbtxygcekgbkgtdxfcpxq75krpf4x2wutjalapmtnorddpna",
                            "display_name": "JenkinsVM",
                            "id": "ocid1.instance.oc1.iad.abuwcljsdtc4vohxgzwrbxtjxz6zt4qwp6trj7pt63lxrrfzzvava77omtna",
                            "image": "ocid1.image.oc1.iad.aaaaaaaahqfv2inssrwfu6arffox3zubxm4swql4hht6t5fk4m5ilfzomgda",
                            "ipxe_script": "",
                            "metadata.%": "2",
                            "metadata.ssh_authorized_keys": "ssh-rsa AAAAB3NzaC1yc2EAAAABJQAAAQEA7WTdp3TMn3HMW1xFEKU56gGeoXrdcn7MjPeh0QrzTzBzKBXzgIZr7FjeaZewSpBRRgy4iFmnM5U/XGJR2ztf2BavPFY10mQTf94yWoYVQY2p5jWrtIpYeRGSfy1KkfZL99WKhrW3ZWeISs7T+4e+f7zWwCv094q9LYfmGScDvMF7HJMZYEvPaDEmXvPu7pf499C90OBD//XiREVVHZHjNpbSyD33KA660r4lScoNBYY4jJWAHtTJePyLr3+ainOAVkz4J4zWeo+hfiurRdxaFf9NBo1Q7VRRS0hOyG9MPzlIYQUfZi6/yeS0yIfoLZjA5OBXgvrJ3h2E94019V8mDw== rsa-key-20171009",
                            "metadata.user_data": "IyEvYmluL2Jhc2gNCnN1ZG8gYXB0LWdldCB1cGRhdGUNCnN1ZG8gYXB0IGluc3RhbGwgLXkgZmlyZXdhbGxkDQpzdWRvIGZpcmV3YWxsLWNtZCAtLWxpc3QtcG9ydHMNCnN1ZG8gZmlyZXdhbGwtY21kIC0tem9uZT1wdWJsaWMgLS1hZGQtcG9ydD04MDgwL3RjcCAtLXBlcm1hbmFudA0Kc3VkbyBmaXJld2FsbC1jbWQgLS16b25lPXB1YmxpYyAtLWFkZC1wb3J0PTgwODAvdGNwIC0tcGVybWFuZW50DQpzdWRvIGZpcmV3YWxsLWNtZCAtLXJlbG9hZA0KDQojZm9yIGluc3RhbGxpbmcgaHhzZWxlY3QjDQojc3VkbyBhcHQtZ2V0IHVwZGF0ZQ0KI3N1ZG8gYXB0IGluc3RhbGwgaHRtbC14bWwtdXRpbHMNCiNzbGVlcCAyMA0KDQojaW5zdGFsbGluZyBqZW5raW5zIw0Kc3VkbyBhcHQtZ2V0IHVwZGF0ZQ0Kc3VkbyBhcHQtZ2V0IGluc3RhbGwgLXkgZGVmYXVsdC1qcmUgDQpzdWRvIGFwdC1nZXQgaW5zdGFsbCAteSBkZWZhdWx0LWpkaw0Kd2dldCAtcSAtTyAtIGh0dHA6Ly9wa2cuamVua2lucy1jaS5vcmcvZGViaWFuL2plbmtpbnMtY2kub3JnLmtleSB8IHN1ZG8gYXB0LWtleSBhZGQgLQ0Kc3VkbyBzaCAtYyAnZWNobyBkZWIgaHR0cDovL3BrZy5qZW5raW5zLWNpLm9yZy9kZWJpYW4tc3RhYmxlIGJpbmFyeS8gPiAvZXRjL2FwdC9zb3VyY2VzLmxpc3QuZC9qZW5raW5zLmxpc3QnDQpzdWRvIGFwdC1nZXQgdXBkYXRlDQpzdWRvIGFwdC1nZXQgaW5zdGFsbCAteSBqZW5raW5zDQpzdWRvIHNlcnZpY2UgamVua2lucyByZXN0YXJ0DQoNCg0KDQoNCg==",
                            "private_ip": "10.0.0.2",
                            "public_ip": "129.213.38.84",
                            "region": "iad",
                            "shape": "VM.Standard1.8",
                            "state": "RUNNING",
                            "subnet_id": "ocid1.subnet.oc1.iad.aaaaaaaaqc2txbtxygcekgbkgtdxfcpxq75krpf4x2wutjalapmtnorddpna",
                            "time_created": "2017-11-03 05:33:38.708 +0000 UTC"
                        },
                        "meta": {
                            "e2bfb730-ecaa-11e6-8f88-34363bc7c4c0": {
                                "create": 7200000000000,
                                "delete": 7200000000000,
                                "update": 7200000000000
                            }
                        },
                        "tainted": false
                    },
                    "deposed": [],
                    "provider": ""
                },
                "oci_core_internet_gateway.internetgateway": {
                    "type": "oci_core_internet_gateway",
                    "depends_on": [
                        "oci_core_virtual_network.vcn"
                    ],
                    "primary": {
                        "id": "ocid1.internetgateway.oc1.iad.aaaaaaaa7y34vkbokogz3pfd6xlq4uwk7nxxshxcynxjzqyxyw26qganwcqq",
                        "attributes": {
                            "compartment_id": "ocid1.compartment.oc1..aaaaaaaajgefvmehc6szlyyt66aiu6ecefhr7myrn32w2c5prxng5mq3wu7q",
                            "display_name": "jenkinsgateway",
                            "enabled": "true",
                            "id": "ocid1.internetgateway.oc1.iad.aaaaaaaa7y34vkbokogz3pfd6xlq4uwk7nxxshxcynxjzqyxyw26qganwcqq",
                            "state": "AVAILABLE",
                            "time_created": "2017-11-03 05:24:46.452 +0000 UTC",
                            "time_modified": "0001-01-01 00:00:00 +0000 UTC",
                            "vcn_id": "ocid1.vcn.oc1.iad.aaaaaaaar4eh255nqsgokl2c4v7kjm7fxmzc6eru26sbrjfzi77xqb65ooda"
                        },
                        "meta": {
                            "e2bfb730-ecaa-11e6-8f88-34363bc7c4c0": {
                                "create": 300000000000,
                                "delete": 300000000000,
                                "update": 300000000000
                            }
                        },
                        "tainted": false
                    },
                    "deposed": [],
                    "provider": ""
                },
                "oci_core_route_table.routetable": {
                    "type": "oci_core_route_table",
                    "depends_on": [
                        "oci_core_internet_gateway.internetgateway",
                        "oci_core_virtual_network.vcn"
                    ],
                    "primary": {
                        "id": "ocid1.routetable.oc1.iad.aaaaaaaaiqmqferxiw2nd6ajdcixn4tddizlcy5mhkd6itpgxopzd5snr6dq",
                        "attributes": {
                            "compartment_id": "ocid1.compartment.oc1..aaaaaaaajgefvmehc6szlyyt66aiu6ecefhr7myrn32w2c5prxng5mq3wu7q",
                            "display_name": "networkname",
                            "id": "ocid1.routetable.oc1.iad.aaaaaaaaiqmqferxiw2nd6ajdcixn4tddizlcy5mhkd6itpgxopzd5snr6dq",
                            "route_rules.#": "1",
                            "route_rules.0.cidr_block": "0.0.0.0/0",
                            "route_rules.0.network_entity_id": "ocid1.internetgateway.oc1.iad.aaaaaaaa7y34vkbokogz3pfd6xlq4uwk7nxxshxcynxjzqyxyw26qganwcqq",
                            "state": "AVAILABLE",
                            "time_created": "2017-11-03 05:24:47.589 +0000 UTC",
                            "time_modified": "0001-01-01 00:00:00 +0000 UTC",
                            "vcn_id": "ocid1.vcn.oc1.iad.aaaaaaaar4eh255nqsgokl2c4v7kjm7fxmzc6eru26sbrjfzi77xqb65ooda"
                        },
                        "meta": {
                            "e2bfb730-ecaa-11e6-8f88-34363bc7c4c0": {
                                "create": 300000000000,
                                "delete": 300000000000,
                                "update": 300000000000
                            }
                        },
                        "tainted": false
                    },
                    "deposed": [],
                    "provider": ""
                },
                "oci_core_security_list.nsg": {
                    "type": "oci_core_security_list",
                    "depends_on": [
                        "oci_core_virtual_network.vcn"
                    ],
                    "primary": {
                        "id": "ocid1.securitylist.oc1.iad.aaaaaaaai2saninkkdipgmysubllwjc3ooxntn7rpqs7olmrpf4nb63edolq",
                        "attributes": {
                            "compartment_id": "ocid1.compartment.oc1..aaaaaaaajgefvmehc6szlyyt66aiu6ecefhr7myrn32w2c5prxng5mq3wu7q",
                            "display_name": "jenkinssecurity",
                            "egress_security_rules.#": "1",
                            "egress_security_rules.0.destination": "0.0.0.0/0",
                            "egress_security_rules.0.icmp_options.#": "0",
                            "egress_security_rules.0.protocol": "all",
                            "egress_security_rules.0.stateless": "false",
                            "egress_security_rules.0.tcp_options.#": "0",
                            "egress_security_rules.0.udp_options.#": "0",
                            "id": "ocid1.securitylist.oc1.iad.aaaaaaaai2saninkkdipgmysubllwjc3ooxntn7rpqs7olmrpf4nb63edolq",
                            "ingress_security_rules.#": "3",
                            "ingress_security_rules.0.icmp_options.#": "0",
                            "ingress_security_rules.0.protocol": "6",
                            "ingress_security_rules.0.source": "0.0.0.0/0",
                            "ingress_security_rules.0.stateless": "false",
                            "ingress_security_rules.0.tcp_options.#": "1",
                            "ingress_security_rules.0.tcp_options.0.max": "8080",
                            "ingress_security_rules.0.tcp_options.0.min": "8080",
                            "ingress_security_rules.0.udp_options.#": "0",
                            "ingress_security_rules.1.icmp_options.#": "0",
                            "ingress_security_rules.1.protocol": "6",
                            "ingress_security_rules.1.source": "0.0.0.0/0",
                            "ingress_security_rules.1.stateless": "false",
                            "ingress_security_rules.1.tcp_options.#": "1",
                            "ingress_security_rules.1.tcp_options.0.max": "80",
                            "ingress_security_rules.1.tcp_options.0.min": "80",
                            "ingress_security_rules.1.udp_options.#": "0",
                            "ingress_security_rules.2.icmp_options.#": "0",
                            "ingress_security_rules.2.protocol": "6",
                            "ingress_security_rules.2.source": "0.0.0.0/0",
                            "ingress_security_rules.2.stateless": "false",
                            "ingress_security_rules.2.tcp_options.#": "1",
                            "ingress_security_rules.2.tcp_options.0.max": "22",
                            "ingress_security_rules.2.tcp_options.0.min": "22",
                            "ingress_security_rules.2.udp_options.#": "0",
                            "state": "AVAILABLE",
                            "time_created": "2017-11-03 05:24:46.794 +0000 UTC",
                            "vcn_id": "ocid1.vcn.oc1.iad.aaaaaaaar4eh255nqsgokl2c4v7kjm7fxmzc6eru26sbrjfzi77xqb65ooda"
                        },
                        "meta": {
                            "e2bfb730-ecaa-11e6-8f88-34363bc7c4c0": {
                                "create": 300000000000,
                                "delete": 300000000000,
                                "update": 300000000000
                            }
                        },
                        "tainted": false
                    },
                    "deposed": [],
                    "provider": ""
                },
                "oci_core_subnet.subnet": {
                    "type": "oci_core_subnet",
                    "depends_on": [
                        "data.oci_identity_availability_domains.ADs",
                        "oci_core_route_table.routetable",
                        "oci_core_security_list.nsg",
                        "oci_core_virtual_network.vcn",
                        "random_id.uniqueString"
                    ],
                    "primary": {
                        "id": "ocid1.subnet.oc1.iad.aaaaaaaaqc2txbtxygcekgbkgtdxfcpxq75krpf4x2wutjalapmtnorddpna",
                        "attributes": {
                            "availability_domain": "NZrt:US-ASHBURN-AD-1",
                            "cidr_block": "10.0.0.0/24",
                            "compartment_id": "ocid1.compartment.oc1..aaaaaaaajgefvmehc6szlyyt66aiu6ecefhr7myrn32w2c5prxng5mq3wu7q",
                            "dhcp_options_id": "ocid1.dhcpoptions.oc1.iad.aaaaaaaawpsrci2awdleverahc267ffs3ykt6uu4c3fzpbpdtyoczm2r6ooq",
                            "display_name": "jenkinsvcn-subfb92",
                            "dns_label": "jenkinsfb92",
                            "id": "ocid1.subnet.oc1.iad.aaaaaaaaqc2txbtxygcekgbkgtdxfcpxq75krpf4x2wutjalapmtnorddpna",
                            "prohibit_public_ip_on_vnic": "false",
                            "route_table_id": "ocid1.routetable.oc1.iad.aaaaaaaaiqmqferxiw2nd6ajdcixn4tddizlcy5mhkd6itpgxopzd5snr6dq",
                            "security_list_ids.#": "1",
                            "security_list_ids.1684284044": "ocid1.securitylist.oc1.iad.aaaaaaaai2saninkkdipgmysubllwjc3ooxntn7rpqs7olmrpf4nb63edolq",
                            "state": "AVAILABLE",
                            "time_created": "2017-11-03 05:25:03.308 +0000 UTC",
                            "vcn_id": "ocid1.vcn.oc1.iad.aaaaaaaar4eh255nqsgokl2c4v7kjm7fxmzc6eru26sbrjfzi77xqb65ooda",
                            "virtual_router_ip": "10.0.0.1",
                            "virtual_router_mac": "00:00:17:AA:8D:FA"
                        },
                        "meta": {
                            "e2bfb730-ecaa-11e6-8f88-34363bc7c4c0": {
                                "create": 300000000000,
                                "delete": 300000000000,
                                "update": 300000000000
                            }
                        },
                        "tainted": false
                    },
                    "deposed": [],
                    "provider": ""
                },
                "oci_core_virtual_network.vcn": {
                    "type": "oci_core_virtual_network",
                    "depends_on": [],
                    "primary": {
                        "id": "ocid1.vcn.oc1.iad.aaaaaaaar4eh255nqsgokl2c4v7kjm7fxmzc6eru26sbrjfzi77xqb65ooda",
                        "attributes": {
                            "cidr_block": "10.0.0.0/16",
                            "compartment_id": "ocid1.compartment.oc1..aaaaaaaajgefvmehc6szlyyt66aiu6ecefhr7myrn32w2c5prxng5mq3wu7q",
                            "default_dhcp_options_id": "ocid1.dhcpoptions.oc1.iad.aaaaaaaawpsrci2awdleverahc267ffs3ykt6uu4c3fzpbpdtyoczm2r6ooq",
                            "default_route_table_id": "ocid1.routetable.oc1.iad.aaaaaaaax7agvxa3tkavi3vw75acdxhdi6ymxgqqraykssk3qi4riykzdngq",
                            "default_security_list_id": "ocid1.securitylist.oc1.iad.aaaaaaaajeyaibtavrttro34t7lwtuhjr7pkototc433h4ztbuhnrxpg7xva",
                            "display_name": "vcn20171103052445",
                            "dns_label": "jenkinsvnet",
                            "id": "ocid1.vcn.oc1.iad.aaaaaaaar4eh255nqsgokl2c4v7kjm7fxmzc6eru26sbrjfzi77xqb65ooda",
                            "state": "AVAILABLE",
                            "time_created": "2017-11-03 05:24:45.661 +0000 UTC"
                        },
                        "meta": {
                            "e2bfb730-ecaa-11e6-8f88-34363bc7c4c0": {
                                "create": 300000000000,
                                "delete": 300000000000,
                                "update": 300000000000
                            }
                        },
                        "tainted": false
                    },
                    "deposed": [],
                    "provider": ""
                },
                "random_id.uniqueString": {
                    "type": "random_id",
                    "depends_on": [],
                    "primary": {
                        "id": "-5I",
                        "attributes": {
                            "b64": "-5I",
                            "b64_std": "+5I=",
                            "b64_url": "-5I",
                            "byte_length": "2",
                            "dec": "64402",
                            "hex": "fb92",
                            "id": "-5I",
                            "keepers.%": "1",
                            "keepers.DataString": "jenkinsvcn"
                        },
                        "meta": {},
                        "tainted": false
                    },
                    "deposed": [],
                    "provider": ""
                }
            },
            "depends_on": []
        }
    ]
}
